<?xml version="1.0" encoding="utf-8"?>
<Project ToolsVersion="4.0" xmlns="http://schemas.microsoft.com/developer/msbuild/2003">
  <ItemGroup>
    <Filter Include="Source Files">
      <UniqueIdentifier>{4FC737F1-C7A5-4376-A066-2A32D752A2FF}</UniqueIdentifier>
      <Extensions>cpp;c;cc;cxx;def;odl;idl;hpj;bat;asm;asmx</Extensions>
    </Filter>
    <Filter Include="Header Files">
      <UniqueIdentifier>{93995380-89BD-4b04-88EB-625FBE52EBFB}</UniqueIdentifier>
      <Extensions>h;hh;hpp;hxx;hm;inl;inc;xsd</Extensions>
    </Filter>
    <Filter Include="Resource Files">
      <UniqueIdentifier>{67DA6AB6-F800-4c08-8B7A-83BB121AAD01}</UniqueIdentifier>
      <Extensions>rc;ico;cur;bmp;dlg;rc2;rct;bin;rgs;gif;jpg;jpeg;jpe;resx;tiff;tif;png;wav;mfcribbon-ms</Extensions>
    </Filter>
    <Filter Include="Header Files\Parser">
      <UniqueIdentifier>{c2105fbd-c40d-41ab-8181-618cfe2a4682}</UniqueIdentifier>
    </Filter>
    <Filter Include="Header Files\Table">
      <UniqueIdentifier>{37547b0d-6162-44ab-98b4-99e3cb71f1be}</UniqueIdentifier>
    </Filter>
    <Filter Include="Source Files\Table">
      <UniqueIdentifier>{3e9adb7d-bc4c-4f52-bb9f-a3d0240afe5e}</UniqueIdentifier>
    </Filter>
    <Filter Include="Source Files\Parser">
      <UniqueIdentifier>{562a8a00-6264-4673-853b-4097b4f6ca3f}</UniqueIdentifier>
    </Filter>
  </ItemGroup>
  <ItemGroup>
    <ClInclude Include="Database.h">
      <Filter>Header Files</Filter>
    </ClInclude>
    <ClInclude Include="parser.h">
      <Filter>Header Files\Parser</Filter>
    </ClInclude>
    <ClInclude Include="DatalogProgram.h">
      <Filter>Header Files\Parser</Filter>
    </ClInclude>
    <ClInclude Include="ColColKey.h">
      <Filter>Header Files\Table</Filter>
    </ClInclude>
    <ClInclude Include="ColumnNamePair.h">
      <Filter>Header Files\Table</Filter>
    </ClInclude>
    <ClInclude Include="ColValueKey.h">
      <Filter>Header Files\Table</Filter>
    </ClInclude>
    <ClInclude Include="Header.h">
      <Filter>Header Files\Table</Filter>
    </ClInclude>
    <ClInclude Include="Parameter.h">
      <Filter>Header Files\Table</Filter>
    </ClInclude>
    <ClInclude Include="Row.h">
      <Filter>Header Files\Table</Filter>
    </ClInclude>
    <ClInclude Include="SelectionKey.h">
      <Filter>Header Files\Table</Filter>
    </ClInclude>
    <ClInclude Include="String.h">
      <Filter>Header Files\Table</Filter>
    </ClInclude>
    <ClInclude Include="Table.h">
      <Filter>Header Files\Table</Filter>
    </ClInclude>
    <ClInclude Include="Token.h">
      <Filter>Header Files\Table</Filter>
    </ClInclude>
    <ClInclude Include="Fact.h">
      <Filter>Header Files\Parser</Filter>
    </ClInclude>
    <ClInclude Include="Facts.h">
      <Filter>Header Files\Parser</Filter>
    </ClInclude>
    <ClInclude Include="Queries.h">
      <Filter>Header Files\Parser</Filter>
    </ClInclude>
    <ClInclude Include="Query.h">
      <Filter>Header Files\Parser</Filter>
    </ClInclude>
    <ClInclude Include="Rule.h">
      <Filter>Header Files\Parser</Filter>
    </ClInclude>
    <ClInclude Include="Rules.h">
      <Filter>Header Files\Parser</Filter>
    </ClInclude>
    <ClInclude Include="Scheme.h">
      <Filter>Header Files\Parser</Filter>
    </ClInclude>
    <ClInclude Include="Schemes.h">
      <Filter>Header Files\Parser</Filter>
    </ClInclude>
    <ClInclude Include="Predicate.h">
      <Filter>Header Files\Parser</Filter>
    </ClInclude>
  </ItemGroup>
  <ItemGroup>
    <ClCompile Include="Database.cpp">
      <Filter>Source Files</Filter>
    </ClCompile>
    <ClCompile Include="DatalogProgram.cpp">
      <Filter>Source Files\Parser</Filter>
    </ClCompile>
    <ClCompile Include="Fact.cpp">
      <Filter>Source Files\Parser</Filter>
    </ClCompile>
    <ClCompile Include="Facts.cpp">
      <Filter>Source Files\Parser</Filter>
    </ClCompile>
    <ClCompile Include="Queries.cpp">
      <Filter>Source Files\Parser</Filter>
    </ClCompile>
    <ClCompile Include="Query.cpp">
      <Filter>Source Files\Parser</Filter>
    </ClCompile>
    <ClCompile Include="Rule.cpp">
      <Filter>Source Files\Parser</Filter>
    </ClCompile>
    <ClCompile Include="Rules.cpp">
      <Filter>Source Files\Parser</Filter>
    </ClCompile>
    <ClCompile Include="Scheme.cpp">
      <Filter>Source Files\Parser</Filter>
    </ClCompile>
    <ClCompile Include="Schemes.cpp">
      <Filter>Source Files\Parser</Filter>
    </ClCompile>
    <ClCompile Include="Predicate.cpp">
      <Filter>Source Files\Parser</Filter>
    </ClCompile>
  </ItemGroup>
</Project>